
Microsoft Visual Studio Solution File, Format Version 12.00
# Visual Studio Version 16
VisualStudioVersion = 16.0.31129.286
MinimumVisualStudioVersion = 10.0.40219.1
Project("{FAE04EC0-301F-11D3-BF4B-00C04F79EFBC}") = "SIgnalRDemo", "SIgnalRDemo\SIgnalRDemo.csproj", "{70C2DF84-7068-4619-BDBC-249FE67035EF}"
EndProject
Global
	GlobalSection(SolutionConfigurationPlatforms) = preSolution
		Debug|Any CPU = Debug|Any CPU
		Release|Any CPU = Release|Any CPU
	EndGlobalSection
	GlobalSection(ProjectConfigurationPlatforms) = postSolution
		{70C2DF84-7068-4619-BDBC-249FE67035EF}.Debug|Any CPU.ActiveCfg = Debug|Any CPU
		{70C2DF84-7068-4619-BDBC-249FE67035EF}.Debug|Any CPU.Build.0 = Debug|Any CPU
		{70C2DF84-7068-4619-BDBC-249FE67035EF}.Release|Any CPU.ActiveCfg = Release|Any CPU
		{70C2DF84-7068-4619-BDBC-249FE67035EF}.Release|Any CPU.Build.0 = Release|Any CPU
	EndGlobalSection
	GlobalSection(SolutionProperties) = preSolution
		HideSolutionNode = FALSE
	EndGlobalSection
	GlobalSection(ExtensibilityGlobals) = postSolution
		SolutionGuid = {BE4CA739-ADBF-49A4-B0B4-E231CC5D4B18}
	EndGlobalSection
EndGlobal
